{
  "name": "selfurl",
  "version": "1.0.1",
  "lockfileVersion": 1,
  "requires": true,
  "dependencies": {
    "mock-req": {
      "version": "0.2.0",
      "resolved": "https://registry.npmjs.org/mock-req/-/mock-req-0.2.0.tgz",
      "integrity": "sha1-dJRGgE0sAGFpNC7nvmu6HP/VNMI=",
      "dev": true
    }
  }
}
